# This file is automatically @generated by Cargo.
# It is not intended for manual editing.
version = 4

[[package]]
name = "pjsk-assets"
version = "0.0.0"
dependencies = [
 "pjsk-core",
]

[[package]]
name = "pjsk-bake"
version = "0.0.0"
dependencies = [
 "pjsk-assets",
 "pjsk-core",
 "pjsk-ir",
 "pjsk-live2d",
 "pjsk-text",
 "pjsk-timeline",
 "pjsk-ugui",
]

[[package]]
name = "pjsk-cli"
version = "0.0.0"
dependencies = [
 "pjsk-assets",
 "pjsk-bake",
 "pjsk-core",
 "pjsk-export",
 "pjsk-fidelity",
 "pjsk-ir",
 "pjsk-render",
 "pjsk-scenario",
 "pjsk-timeline",
]

[[package]]
name = "pjsk-core"
version = "0.0.0"

[[package]]
name = "pjsk-export"
version = "0.0.0"
dependencies = [
 "pjsk-core",
 "pjsk-render",
]

[[package]]
name = "pjsk-fidelity"
version = "0.0.0"
dependencies = [
 "pjsk-core",
]

[[package]]
name = "pjsk-ir"
version = "0.0.0"
dependencies = [
 "pjsk-core",
]

[[package]]
name = "pjsk-live2d"
version = "0.0.0"
dependencies = [
 "pjsk-assets",
 "pjsk-core",
]

[[package]]
name = "pjsk-render"
version = "0.0.0"
dependencies = [
 "pjsk-assets",
 "pjsk-core",
 "pjsk-live2d",
 "pjsk-text",
 "pjsk-ugui",
]

[[package]]
name = "pjsk-scenario"
version = "0.0.0"
dependencies = [
 "pjsk-assets",
 "pjsk-core",
 "pjsk-ir",
]

[[package]]
name = "pjsk-text"
version = "0.0.0"
dependencies = [
 "pjsk-assets",
 "pjsk-core",
 "pjsk-ugui",
]

[[package]]
name = "pjsk-timeline"
version = "0.0.0"
dependencies = [
 "pjsk-assets",
 "pjsk-core",
 "pjsk-ir",
]

[[package]]
name = "pjsk-ugui"
version = "0.0.0"
dependencies = [
 "pjsk-assets",
 "pjsk-core",
]

[[package]]
name = "xtask"
version = "0.0.0"
