# This file is automatically @generated by Cargo.
# It is not intended for manual editing.
version = 4

[[package]]
name = "sse-assets"
version = "0.0.0"
dependencies = [
 "sse-core",
]

[[package]]
name = "sse-bake"
version = "0.0.0"
dependencies = [
 "sse-assets",
 "sse-core",
 "sse-ir",
 "sse-live2d",
 "sse-text",
 "sse-timeline",
 "sse-ugui",
]

[[package]]
name = "sse-cli"
version = "0.0.0"
dependencies = [
 "sse-assets",
 "sse-bake",
 "sse-core",
 "sse-export",
 "sse-fidelity",
 "sse-ir",
 "sse-render",
 "sse-scenario",
 "sse-timeline",
]

[[package]]
name = "sse-core"
version = "0.0.0"

[[package]]
name = "sse-export"
version = "0.0.0"
dependencies = [
 "sse-core",
 "sse-render",
]

[[package]]
name = "sse-fidelity"
version = "0.0.0"
dependencies = [
 "sse-core",
]

[[package]]
name = "sse-ir"
version = "0.0.0"
dependencies = [
 "sse-core",
]

[[package]]
name = "sse-live2d"
version = "0.0.0"
dependencies = [
 "sse-assets",
 "sse-core",
]

[[package]]
name = "sse-render"
version = "0.0.0"
dependencies = [
 "sse-assets",
 "sse-core",
 "sse-live2d",
 "sse-text",
 "sse-ugui",
]

[[package]]
name = "sse-scenario"
version = "0.0.0"
dependencies = [
 "sse-assets",
 "sse-core",
 "sse-ir",
]

[[package]]
name = "sse-text"
version = "0.0.0"
dependencies = [
 "sse-assets",
 "sse-core",
 "sse-ugui",
]

[[package]]
name = "sse-timeline"
version = "0.0.0"
dependencies = [
 "sse-assets",
 "sse-core",
 "sse-ir",
]

[[package]]
name = "sse-ugui"
version = "0.0.0"
dependencies = [
 "sse-assets",
 "sse-core",
]

[[package]]
name = "xtask"
version = "0.0.0"
